// !$*UTF8*$!
{
	archiveVersion = 1;
	classes = {
	};
	objectVersion = 46;
	objects = {

/* Begin PBXBuildFile section */
		1DE0CE901ADA663000BE8399 /* AppDelegate.swift in Sources */ = {isa = PBXBuildFile; fileRef = 1DE0CE8F1ADA663000BE8399 /* AppDelegate.swift */; };
		1DE0CE931ADA663000BE8399 /* SlotMachineAW.xcdatamodeld in Sources */ = {isa = PBXBuildFile; fileRef = 1DE0CE911ADA663000BE8399 /* SlotMachineAW.xcdatamodeld */; };
		1DE0CE951ADA663000BE8399 /* ViewController.swift in Sources */ = {isa = PBXBuildFile; fileRef = 1DE0CE941ADA663000BE8399 /* ViewController.swift */; };
		1DE0CE981ADA663000BE8399 /* Main.storyboard in Resources */ = {isa = PBXBuildFile; fileRef = 1DE0CE961ADA663000BE8399 /* Main.storyboard */; };
		1DE0CE9A1ADA663000BE8399 /* Images.xcassets in Resources */ = {isa = PBXBuildFile; fileRef = 1DE0CE991ADA663000BE8399 /* Images.xcassets */; };
		1DE0CE9D1ADA663000BE8399 /* LaunchScreen.xib in Resources */ = {isa = PBXBuildFile; fileRef = 1DE0CE9B1ADA663000BE8399 /* LaunchScreen.xib */; };
		1DE0CEA91ADA663000BE8399 /* SlotMachineAWTests.swift in Sources */ = {isa = PBXBuildFile; fileRef = 1DE0CEA81ADA663000BE8399 /* SlotMachineAWTests.swift */; };
/* End PBXBuildFile section */

/* Begin PBXContainerItemProxy section */
		1DE0CEA31ADA663000BE8399 /* PBXContainerItemProxy */ = {
			isa = PBXContainerItemProxy;
			containerPortal = 1DE0CE821ADA663000BE8399 /* Project object */;
			proxyType = 1;
			remoteGlobalIDString = 1DE0CE891ADA663000BE8399;
			remoteInfo = SlotMachineAW;
		};
/* End PBXContainerItemProxy section */

/* Begin PBXFileReference section */
		1DE0CE8A1ADA663000BE8399 /* SlotMachineAW.app */ = {isa = PBXFileReference; explicitFileType = wrapper.application; includeInIndex = 0; path = SlotMachineAW.app; sourceTree = BUILT_PRODUCTS_DIR; };
		1DE0CE8E1ADA663000BE8399 /* Info.plist */ = {isa = PBXFileReference; lastKnownFileType = text.plist.xml; path = Info.plist; sourceTree = "<group>"; };
		1DE0CE8F1ADA663000BE8399 /* AppDelegate.swift */ = {isa = PBXFileReference; lastKnownFileType = sourcecode.swift; path = AppDelegate.swift; sourceTree = "<group>"; };
		1DE0CE921ADA663000BE8399 /* SlotMachineAW.xcdatamodel */ = {isa = PBXFileReference; lastKnownFileType = wrapper.xcdatamodel; path = SlotMachineAW.xcdatamodel; sourceTree = "<group>"; };
		1DE0CE941ADA663000BE8399 /* ViewController.swift */ = {isa = PBXFileReference; lastKnownFileType = sourcecode.swift; path = ViewController.swift; sourceTree = "<group>"; };
		1DE0CE971ADA663000BE8399 /* Base */ = {isa = PBXFileReference; lastKnownFileType = file.storyboard; name = Base; path = Base.lproj/Main.storyboard; sourceTree = "<group>"; };
		1DE0CE991ADA663000BE8399 /* Images.xcassets */ = {isa = PBXFileReference; lastKnownFileType = folder.assetcatalog; path = Images.xcassets; sourceTree = "<group>"; };
		1DE0CE9C1ADA663000BE8399 /* Base */ = {isa = PBXFileReference; lastKnownFileType = file.xib; name = Base; path = Base.lproj/LaunchScreen.xib; sourceTree = "<group>"; };
		1DE0CEA21ADA663000BE8399 /* SlotMachineAWTests.xctest */ = {isa = PBXFileReference; explicitFileType = wrapper.cfbundle; includeInIndex = 0; path = SlotMachineAWTests.xctest; sourceTree = BUILT_PRODUCTS_DIR; };
		1DE0CEA71ADA663000BE8399 /* Info.plist */ = {isa = PBXFileReference; lastKnownFileType = text.plist.xml; path = Info.plist; sourceTree = "<group>"; };
		1DE0CEA81ADA663000BE8399 /* SlotMachineAWTests.swift */ = {isa = PBXFileReference; lastKnownFileType = sourcecode.swift; path = SlotMachineAWTests.swift; sourceTree = "<group>"; };
/* End PBXFileReference section */

/* Begin PBXFrameworksBuildPhase section */
		1DE0CE871ADA663000BE8399 /* Frameworks */ = {
			isa = PBXFrameworksBuildPhase;
			buildActionMask = 2147483647;
			files = (
			);
			runOnlyForDeploymentPostprocessing = 0;
		};
		1DE0CE9F1ADA663000BE8399 /* Frameworks */ = {
			isa = PBXFrameworksBuildPhase;
			buildActionMask = 2147483647;
			files = (
			);
			runOnlyForDeploymentPostprocessing = 0;
		};
/* End PBXFrameworksBuildPhase section */

/* Begin PBXGroup section */
		1DE0CE811ADA663000BE8399 = {
			isa = PBXGroup;
			children = (
				1DE0CE8C1ADA663000BE8399 /* SlotMachineAW */,
				1DE0CEA51ADA663000BE8399 /* SlotMachineAWTests */,
				1DE0CE8B1ADA663000BE8399 /* Products */,
			);
			sourceTree = "<group>";
		};
		1DE0CE8B1ADA663000BE8399 /* Products */ = {
			isa = PBXGroup;
			children = (
				1DE0CE8A1ADA663000BE8399 /* SlotMachineAW.app */,
				1DE0CEA21ADA663000BE8399 /* SlotMachineAWTests.xctest */,
			);
			name = Products;
			sourceTree = "<group>";
		};
		1DE0CE8C1ADA663000BE8399 /* SlotMachineAW */ = {
			isa = PBXGroup;
			children = (
				1DE0CE8F1ADA663000BE8399 /* AppDelegate.swift */,
				1DE0CE941ADA663000BE8399 /* ViewController.swift */,
				1DE0CE961ADA663000BE8399 /* Main.storyboard */,
				1DE0CE991ADA663000BE8399 /* Images.xcassets */,
				1DE0CE9B1ADA663000BE8399 /* LaunchScreen.xib */,
				1DE0CE911ADA663000BE8399 /* SlotMachineAW.xcdatamodeld */,
				1DE0CE8D1ADA663000BE8399 /* Supporting Files */,
			);
			path = SlotMachineAW;
			sourceTree = "<group>";
		};
		1DE0CE8D1ADA663000BE8399 /* Supporting Files */ = {
			isa = PBXGroup;
			children = (
				1DE0CE8E1ADA663000BE8399 /* Info.plist */,
			);
			name = "Supporting Files";
			sourceTree = "<group>";
		};
		1DE0CEA51ADA663000BE8399 /* SlotMachineAWTests */ = {
			isa = PBXGroup;
			children = (
				1DE0CEA81ADA663000BE8399 /* SlotMachineAWTests.swift */,
				1DE0CEA61ADA663000BE8399 /* Supporting Files */,
			);
			path = SlotMachineAWTests;
			sourceTree = "<group>";
		};
		1DE0CEA61ADA663000BE8399 /* Supporting Files */ = {
			isa = PBXGroup;
			children = (
				1DE0CEA71ADA663000BE8399 /* Info.plist */,
			);
			name = "Supporting Files";
			sourceTree = "<group>";
		};
/* End PBXGroup section */

/* Begin PBXNativeTarget section */
		1DE0CE891ADA663000BE8399 /* SlotMachineAW */ = {
			isa = PBXNativeTarget;
			buildConfigurationList = 1DE0CEAC1ADA663000BE8399 /* Build configuration list for PBXNativeTarget "SlotMachineAW" */;
			buildPhases = (
				1DE0CE861ADA663000BE8399 /* Sources */,
				1DE0CE871ADA663000BE8399 /* Frameworks */,
				1DE0CE881ADA663000BE8399 /* Resources */,
			);
			buildRules = (
			);
			dependencies = (
			);
			name = SlotMachineAW;
			productName = SlotMachineAW;
			productReference = 1DE0CE8A1ADA663000BE8399 /* SlotMachineAW.app */;
			productType = "com.apple.product-type.application";
		};
		1DE0CEA11ADA663000BE8399 /* SlotMachineAWTests */ = {
			isa = PBXNativeTarget;
			buildConfigurationList = 1DE0CEAF1ADA663000BE8399 /* Build configuration list for PBXNativeTarget "SlotMachineAWTests" */;
			buildPhases = (
				1DE0CE9E1ADA663000BE8399 /* Sources */,
				1DE0CE9F1ADA663000BE8399 /* Frameworks */,
				1DE0CEA01ADA663000BE8399 /* Resources */,
			);
			buildRules = (
			);
			dependencies = (
				1DE0CEA41ADA663000BE8399 /* PBXTargetDependency */,
			);
			name = SlotMachineAWTests;
			productName = SlotMachineAWTests;
			productReference = 1DE0CEA21ADA663000BE8399 /* SlotMachineAWTests.xctest */;
			productType = "com.apple.product-type.bundle.unit-test";
		};
/* End PBXNativeTarget section */

/* Begin PBXProject section */
		1DE0CE821ADA663000BE8399 /* Project object */ = {
			isa = PBXProject;
			attributes = {
				LastUpgradeCheck = 0630;
				ORGANIZATIONNAME = "Bruce Milyko";
				TargetAttributes = {
					1DE0CE891ADA663000BE8399 = {
						CreatedOnToolsVersion = 6.3;
					};
					1DE0CEA11ADA663000BE8399 = {
						CreatedOnToolsVersion = 6.3;
						TestTargetID = 1DE0CE891ADA663000BE8399;
					};
				};
			};
			buildConfigurationList = 1DE0CE851ADA663000BE8399 /* Build configuration list for PBXProject "SlotMachineAW" */;
			compatibilityVersion = "Xcode 3.2";
			developmentRegion = English;
			hasScannedForEncodings = 0;
			knownRegions = (
				en,
				Base,
			);
			mainGroup = 1DE0CE811ADA663000BE8399;
			productRefGroup = 1DE0CE8B1ADA663000BE8399 /* Products */;
			projectDirPath = "";
			projectRoot = "";
			targets = (
				1DE0CE891ADA663000BE8399 /* SlotMachineAW */,
				1DE0CEA11ADA663000BE8399 /* SlotMachineAWTests */,
			);
		};
/* End PBXProject section */

/* Begin PBXResourcesBuildPhase section */
		1DE0CE881ADA663000BE8399 /* Resources */ = {
			isa = PBXResourcesBuildPhase;
			buildActionMask = 2147483647;
			files = (
				1DE0CE981ADA663000BE8399 /* Main.storyboard in Resources */,
				1DE0CE9D1ADA663000BE8399 /* LaunchScreen.xib in Resources */,
				1DE0CE9A1ADA663000BE8399 /* Images.xcassets in Resources */,
			);
			runOnlyForDeploymentPostprocessing = 0;
		};
		1DE0CEA01ADA663000BE8399 /* Resources */ = {
			isa = PBXResourcesBuildPhase;
			buildActionMask = 2147483647;
			files = (
			);
			runOnlyForDeploymentPostprocessing = 0;
		};
/* End PBXResourcesBuildPhase section */

/* Begin PBXSourcesBuildPhase section */
		1DE0CE861ADA663000BE8399 /* Sources */ = {
			isa = PBXSourcesBuildPhase;
			buildActionMask = 2147483647;
			files = (
				1DE0CE951ADA663000BE8399 /* ViewController.swift in Sources */,
				1DE0CE901ADA663000BE8399 /* AppDelegate.swift in Sources */,
				1DE0CE931ADA663000BE8399 /* SlotMachineAW.xcdatamodeld in Sources */,
			);
			runOnlyForDeploymentPostprocessing = 0;
		};
		1DE0CE9E1ADA663000BE8399 /* Sources */ = {
			isa = PBXSourcesBuildPhase;
			buildActionMask = 2147483647;
			files = (
				1DE0CEA91ADA663000BE8399 /* SlotMachineAWTests.swift in Sources */,
			);
			runOnlyForDeploymentPostprocessing = 0;
		};
/* End PBXSourcesBuildPhase section */

/* Begin PBXTargetDependency section */
		1DE0CEA41ADA663000BE8399 /* PBXTargetDependency */ = {
			isa = PBXTargetDependency;
			target = 1DE0CE891ADA663000BE8399 /* SlotMachineAW */;
			targetProxy = 1DE0CEA31ADA663000BE8399 /* PBXContainerItemProxy */;
		};
/* End PBXTargetDependency section */

/* Begin PBXVariantGroup section */
		1DE0CE961ADA663000BE8399 /* Main.storyboard */ = {
			isa = PBXVariantGroup;
			children = (
				1DE0CE971ADA663000BE8399 /* Base */,
			);
			name = Main.storyboard;
			sourceTree = "<group>";
		};
		1DE0CE9B1ADA663000BE8399 /* LaunchScreen.xib */ = {
			isa = PBXVariantGroup;
			children = (
				1DE0CE9C1ADA663000BE8399 /* Base */,
			);
			name = LaunchScreen.xib;
			sourceTree = "<group>";
		};
/* End PBXVariantGroup section */

/* Begin XCBuildConfiguration section */
		1DE0CEAA1ADA663000BE8399 /* Debug */ = {
			isa = XCBuildConfiguration;
			buildSettings = {
				ALWAYS_SEARCH_USER_PATHS = NO;
				CLANG_CXX_LANGUAGE_STANDARD = "gnu++0x";
				CLANG_CXX_LIBRARY = "libc++";
				CLANG_ENABLE_MODULES = YES;
				CLANG_ENABLE_OBJC_ARC = YES;
				CLANG_WARN_BOOL_CONVERSION = YES;
				CLANG_WARN_CONSTANT_CONVERSION = YES;
				CLANG_WARN_DIRECT_OBJC_ISA_USAGE = YES_ERROR;
				CLANG_WARN_EMPTY_BODY = YES;
				CLANG_WARN_ENUM_CONVERSION = YES;
				CLANG_WARN_INT_CONVERSION = YES;
				CLANG_WARN_OBJC_ROOT_CLASS = YES_ERROR;
				CLANG_WARN_UNREACHABLE_CODE = YES;
				CLANG_WARN__DUPLICATE_METHOD_MATCH = YES;
				"CODE_SIGN_IDENTITY[sdk=iphoneos*]" = "iPhone Developer";
				COPY_PHASE_STRIP = NO;
				DEBUG_INFORMATION_FORMAT = "dwarf-with-dsym";
				ENABLE_STRICT_OBJC_MSGSEND = YES;
				GCC_C_LANGUAGE_STANDARD = gnu99;
				GCC_DYNAMIC_NO_PIC = NO;
				GCC_NO_COMMON_BLOCKS = YES;
				GCC_OPTIMIZATION_LEVEL = 0;
				GCC_PREPROCESSOR_DEFINITIONS = (
					"DEBUG=1",
					"$(inherited)",
				);
				GCC_SYMBOLS_PRIVATE_EXTERN = NO;
				GCC_WARN_64_TO_32_BIT_CONVERSION = YES;
				GCC_WARN_ABOUT_RETURN_TYPE = YES_ERROR;
				GCC_WARN_UNDECLARED_SELECTOR = YES;
				GCC_WARN_UNINITIALIZED_AUTOS = YES_AGGRESSIVE;
				GCC_WARN_UNUSED_FUNCTION = YES;
				GCC_WARN_UNUSED_VARIABLE = YES;
				IPHONEOS_DEPLOYMENT_TARGET = 8.3;
				MTL_ENABLE_DEBUG_INFO = YES;
				ONLY_ACTIVE_ARCH = YES;
				SDKROOT = iphoneos;
				SWIFT_OPTIMIZATION_LEVEL = "-Onone";
			};
			name = Debug;
		};
		1DE0CEAB1ADA663000BE8399 /* Release */ = {
			isa = XCBuildConfiguration;
			buildSettings = {
				ALWAYS_SEARCH_USER_PATHS = NO;
				CLANG_CXX_LANGUAGE_STANDARD = "gnu++0x";
				CLANG_CXX_LIBRARY = "libc++";
				CLANG_ENABLE_MODULES = YES;
				CLANG_ENABLE_OBJC_ARC = YES;
				CLANG_WARN_BOOL_CONVERSION = YES;
				CLANG_WARN_CONSTANT_CONVERSION = YES;
				CLANG_WARN_DIRECT_OBJC_ISA_USAGE = YES_ERROR;
				CLANG_WARN_EMPTY_BODY = YES;
				CLANG_WARN_ENUM_CONVERSION = YES;
				CLANG_WARN_INT_CONVERSION = YES;
				CLANG_WARN_OBJC_ROOT_CLASS = YES_ERROR;
				CLANG_WARN_UNREACHABLE_CODE = YES;
				CLANG_WARN__DUPLICATE_METHOD_MATCH = YES;
				"CODE_SIGN_IDENTITY[sdk=iphoneos*]" = "iPhone Developer";
				COPY_PHASE_STRIP = NO;
				DEBUG_INFORMATION_FORMAT = "dwarf-with-dsym";
				ENABLE_NS_ASSERTIONS = NO;
				ENABLE_STRICT_OBJC_MSGSEND = YES;
				GCC_C_LANGUAGE_STANDARD = gnu99;
				GCC_NO_COMMON_BLOCKS = YES;
				GCC_WARN_64_TO_32_BIT_CONVERSION = YES;
				GCC_WARN_ABOUT_RETURN_TYPE = YES_ERROR;
				GCC_WARN_UNDECLARED_SELECTOR = YES;
				GCC_WARN_UNINITIALIZED_AUTOS = YES_AGGRESSIVE;
				GCC_WARN_UNUSED_FUNCTION = YES;
				GCC_WARN_UNUSED_VARIABLE = YES;
				IPHONEOS_DEPLOYMENT_TARGET = 8.3;
				MTL_ENABLE_DEBUG_INFO = NO;
				SDKROOT = iphoneos;
				VALIDATE_PRODUCT = YES;
			};
			name = Release;
		};
		1DE0CEAD1ADA663000BE8399 /* Debug */ = {
			isa = XCBuildConfiguration;
			buildSettings = {
				ASSETCATALOG_COMPILER_APPICON_NAME = AppIcon;
				INFOPLIST_FILE = SlotMachineAW/Info.plist;
				LD_RUNPATH_SEARCH_PATHS = "$(inherited) @executable_path/Frameworks";
				PRODUCT_NAME = "$(TARGET_NAME)";
			};
			name = Debug;
		};
		1DE0CEAE1ADA663000BE8399 /* Release */ = {
			isa = XCBuildConfiguration;
			buildSettings = {
				ASSETCATALOG_COMPILER_APPICON_NAME = AppIcon;
				INFOPLIST_FILE = SlotMachineAW/Info.plist;
				LD_RUNPATH_SEARCH_PATHS = "$(inherited) @executable_path/Frameworks";
				PRODUCT_NAME = "$(TARGET_NAME)";
			};
			name = Release;
		};
		1DE0CEB01ADA663000BE8399 /* Debug */ = {
			isa = XCBuildConfiguration;
			buildSettings = {
				BUNDLE_LOADER = "$(TEST_HOST)";
				FRAMEWORK_SEARCH_PATHS = (
					"$(SDKROOT)/Developer/Library/Frameworks",
					"$(inherited)",
				);
				GCC_PREPROCESSOR_DEFINITIONS = (
					"DEBUG=1",
					"$(inherited)",
				);
				INFOPLIST_FILE = SlotMachineAWTests/Info.plist;
				LD_RUNPATH_SEARCH_PATHS = "$(inherited) @executable_path/Frameworks @loader_path/Frameworks";
				PRODUCT_NAME = "$(TARGET_NAME)";
				TEST_HOST = "$(BUILT_PRODUCTS_DIR)/SlotMachineAW.app/SlotMachineAW";
			};
			name = Debug;
		};
		1DE0CEB11ADA663000BE8399 /* Release */ = {
			isa = XCBuildConfiguration;
			buildSettings = {
				BUNDLE_LOADER = "$(TEST_HOST)";
				FRAMEWORK_SEARCH_PATHS = (
					"$(SDKROOT)/Developer/Library/Frameworks",
					"$(inherited)",
				);
				INFOPLIST_FILE = SlotMachineAWTests/Info.plist;
				LD_RUNPATH_SEARCH_PATHS = "$(inherited) @executable_path/Frameworks @loader_path/Frameworks";
				PRODUCT_NAME = "$(TARGET_NAME)";
				TEST_HOST = "$(BUILT_PRODUCTS_DIR)/SlotMachineAW.app/SlotMachineAW";
			};
			name = Release;
		};
/* End XCBuildConfiguration section */

/* Begin XCConfigurationList section */
		1DE0CE851ADA663000BE8399 /* Build configuration list for PBXProject "SlotMachineAW" */ = {
			isa = XCConfigurationList;
			buildConfigurations = (
				1DE0CEAA1ADA663000BE8399 /* Debug */,
				1DE0CEAB1ADA663000BE8399 /* Release */,
			);
			defaultConfigurationIsVisible = 0;
			defaultConfigurationName = Release;
		};
		1DE0CEAC1ADA663000BE8399 /* Build configuration list for PBXNativeTarget "SlotMachineAW" */ = {
			isa = XCConfigurationList;
			buildConfigurations = (
				1DE0CEAD1ADA663000BE8399 /* Debug */,
				1DE0CEAE1ADA663000BE8399 /* Release */,
			);
			defaultConfigurationIsVisible = 0;
		};
		1DE0CEAF1ADA663000BE8399 /* Build configuration list for PBXNativeTarget "SlotMachineAWTests" */ = {
			isa = XCConfigurationList;
			buildConfigurations = (
				1DE0CEB01ADA663000BE8399 /* Debug */,
				1DE0CEB11ADA663000BE8399 /* Release */,
			);
			defaultConfigurationIsVisible = 0;
		};
/* End XCConfigurationList section */

/* Begin XCVersionGroup section */
		1DE0CE911ADA663000BE8399 /* SlotMachineAW.xcdatamodeld */ = {
			isa = XCVersionGroup;
			children = (
				1DE0CE921ADA663000BE8399 /* SlotMachineAW.xcdatamodel */,
			);
			currentVersion = 1DE0CE921ADA663000BE8399 /* SlotMachineAW.xcdatamodel */;
			path = SlotMachineAW.xcdatamodeld;
			sourceTree = "<group>";
			versionGroupType = wrapper.xcdatamodel;
		};
/* End XCVersionGroup section */
	};
	rootObject = 1DE0CE821ADA663000BE8399 /* Project object */;
}
